
Microsoft Visual Studio Solution File, Format Version 12.00
# Visual Studio Version 17
VisualStudioVersion = 17.7.34024.191
MinimumVisualStudioVersion = 10.0.40219.1
Project("{FAE04EC0-301F-11D3-BF4B-00C04F79EFBC}") = "CoffeeApiApplication", "CoffeeApiApplication\CoffeeApiApplication.csproj", "{FEA10922-9D44-4683-90A6-396F52F77FCB}"
EndProject
Global
	GlobalSection(SolutionConfigurationPlatforms) = preSolution
		Debug|Any CPU = Debug|Any CPU
		Release|Any CPU = Release|Any CPU
	EndGlobalSection
	GlobalSection(ProjectConfigurationPlatforms) = postSolution
		{FEA10922-9D44-4683-90A6-396F52F77FCB}.Debug|Any CPU.ActiveCfg = Debug|Any CPU
		{FEA10922-9D44-4683-90A6-396F52F77FCB}.Debug|Any CPU.Build.0 = Debug|Any CPU
		{FEA10922-9D44-4683-90A6-396F52F77FCB}.Release|Any CPU.ActiveCfg = Release|Any CPU
		{FEA10922-9D44-4683-90A6-396F52F77FCB}.Release|Any CPU.Build.0 = Release|Any CPU
	EndGlobalSection
	GlobalSection(SolutionProperties) = preSolution
		HideSolutionNode = FALSE
	EndGlobalSection
	GlobalSection(ExtensibilityGlobals) = postSolution
		SolutionGuid = {3900C18D-775E-46BF-9D71-D41D52FD67AC}
	EndGlobalSection
EndGlobal
